# THIS IS AN AUTOGENERATED FILE. DO NOT EDIT THIS FILE DIRECTLY.
# yarn lockfile v1


"@babel/runtime@^7.27.0":
  version "7.27.1"
  resolved "https://registry.yarnpkg.com/@babel/runtime/-/runtime-7.27.1.tgz#9fce313d12c9a77507f264de74626e87fd0dc541"
  integrity sha512-1x3D2xEk2fRo3PAhwQwu5UubzgiVWSXTBfWpVd2Mx2AzRqJuDJCsgaDVZ7HB5iGzDW1Hl1sWN2mFyKjmR9uAog==

"@mui/types@^7.4.1":
  version "7.4.1"
  resolved "https://registry.yarnpkg.com/@mui/types/-/types-7.4.1.tgz#5611268faa0b46ab0c622c02b54f3f30f9809c2d"
  integrity sha512-gUL8IIAI52CRXP/MixT1tJKt3SI6tVv4U/9soFsTtAsHzaJQptZ42ffdHZV3niX1ei0aUgMvOxBBN0KYqdG39g==
  dependencies:
    "@babel/runtime" "^7.27.0"
